{
  "version": 4,
  "terraform_version": "0.12.23",
  "serial": 26,
  "lineage": "b93572fb-a483-e7c2-2260-efa34bb593c5",
  "outputs": {},
  "resources": [
    {
      "mode": "managed",
      "type": "openstack_compute_keypair_v2",
      "name": "spetrovk-keypair",
      "provider": "provider.openstack",
      "instances": [
        {
          "schema_version": 0,
          "attributes": {
            "fingerprint": "SHA256:ydmpByciXdbJ3TYFWE5USdgzP+1FF/IEy38ClKK1uYw",
            "id": "spetrovk-keypair",
            "name": "spetrovk-keypair",
            "private_key": "",
            "public_key": " ssh-rsa AAAAB3NzaC1yc2EAAAABJQAAAQEAtrbzOXTGf8a+UYEoUaxGvQcvHAfVwSx+ZMtJGb14Bi8W0kaeBMhDztr7t8oD18UMz7KSXuoL+1XfDHgsqSnwiUsyWTJ5BPuWhupxEMHIDvS2ZLfUjpGqxGJFECPWew6TecgscDo1TpOVmsvkY90F6pDuHGBhXGSRvZEF0aKDWRGxVf0V0XUksqZOJFsainHzTA8FSWOLXdduuCIiHmcEVkXydPXOxatynzcqkTUH9KujDzZdD6ZZQZs1ImYBSleSfVZ8YV/hqMDl0NPA+Ee0fBUkAOt0UOytFAMLp/tmvwPoo0HOzvMKEmnQc295fC2wTWWEoXcrpOcNFRznPAM2IQ==",
            "region": "eu-de",
            "value_specs": null
          },
          "private": "bnVsbA=="
        }
      ]
    },
    {
      "mode": "managed",
      "type": "openstack_networking_secgroup_rule_v2",
      "name": "allow_ssh_spetrovk",
      "provider": "provider.openstack",
      "instances": [
        {
          "schema_version": 0,
          "attributes": {
            "description": "",
            "direction": "ingress",
            "ethertype": "IPv4",
            "id": "80644c1c-cc2b-475c-a941-56e29cf44f8b",
            "port_range_max": 22,
            "port_range_min": 22,
            "protocol": "tcp",
            "region": "eu-de",
            "remote_group_id": "",
            "remote_ip_prefix": "10.0.0.0/8",
            "security_group_id": "f9f2ab74-696d-4534-886a-96d028528d24",
            "tenant_id": "54026885c74446c2b833f4dc7cb77bd2",
            "timeouts": null
          },
          "private": "eyJlMmJmYjczMC1lY2FhLTExZTYtOGY4OC0zNDM2M2JjN2M0YzAiOnsiZGVsZXRlIjo2MDAwMDAwMDAwMDB9fQ==",
          "dependencies": [
            "openstack_networking_secgroup_v2.sg-ssh-spetrovk"
          ]
        }
      ]
    },
    {
      "mode": "managed",
      "type": "openstack_networking_secgroup_rule_v2",
      "name": "outbound_ssh_spetrovk",
      "provider": "provider.openstack",
      "instances": [
        {
          "schema_version": 0,
          "attributes": {
            "description": "",
            "direction": "egress",
            "ethertype": "IPv4",
            "id": "7edfefa9-8a92-4fe6-9cbb-49ac7e6df035",
            "port_range_max": 0,
            "port_range_min": 0,
            "protocol": "tcp",
            "region": "eu-de",
            "remote_group_id": "",
            "remote_ip_prefix": "0.0.0.0/0",
            "security_group_id": "f9f2ab74-696d-4534-886a-96d028528d24",
            "tenant_id": "54026885c74446c2b833f4dc7cb77bd2",
            "timeouts": null
          },
          "private": "eyJlMmJmYjczMC1lY2FhLTExZTYtOGY4OC0zNDM2M2JjN2M0YzAiOnsiZGVsZXRlIjo2MDAwMDAwMDAwMDB9fQ==",
          "dependencies": [
            "openstack_networking_secgroup_v2.sg-ssh-spetrovk"
          ]
        }
      ]
    },
    {
      "mode": "managed",
      "type": "openstack_networking_secgroup_v2",
      "name": "sg-ssh-spetrovk",
      "provider": "provider.openstack",
      "instances": [
        {
          "schema_version": 0,
          "attributes": {
            "all_tags": [],
            "delete_default_rules": true,
            "description": "SSH",
            "id": "f9f2ab74-696d-4534-886a-96d028528d24",
            "name": "sg-ssh-spetrovk",
            "region": "eu-de",
            "tags": null,
            "tenant_id": "54026885c74446c2b833f4dc7cb77bd2",
            "timeouts": null
          },
          "private": "eyJlMmJmYjczMC1lY2FhLTExZTYtOGY4OC0zNDM2M2JjN2M0YzAiOnsiZGVsZXRlIjo2MDAwMDAwMDAwMDB9fQ=="
        }
      ]
    }
  ]
}
