{
  "version": 4,
  "terraform_version": "0.12.23",
  "serial": 43,
  "lineage": "e8ee7cb5-4209-6069-d76d-e636695f9c3d",
  "outputs": {
    "binding": {
      "value": [
        {
          "host_id": "",
          "profile": "{}",
          "vif_details": {},
          "vif_type": "",
          "vnic_type": "normal"
        }
      ],
      "type": [
        "list",
        [
          "object",
          {
            "host_id": "string",
            "profile": "string",
            "vif_details": [
              "map",
              "string"
            ],
            "vif_type": "string",
            "vnic_type": "string"
          }
        ]
      ]
    },
    "mac_address": {
      "value": "fa:16:3e:94:5e:dc",
      "type": "string"
    }
  },
  "resources": [
    {
      "mode": "data",
      "type": "openstack_compute_keypair_v2",
      "name": "spetrovk-keypair",
      "provider": "provider.openstack",
      "instances": [
        {
          "schema_version": 0,
          "attributes": {
            "fingerprint": "SHA256:ydmpByciXdbJ3TYFWE5USdgzP+1FF/IEy38ClKK1uYw",
            "id": "spetrovk-keypair",
            "name": "spetrovk-keypair",
            "public_key": " ssh-rsa AAAAB3NzaC1yc2EAAAABJQAAAQEAtrbzOXTGf8a+UYEoUaxGvQcvHAfVwSx+ZMtJGb14Bi8W0kaeBMhDztr7t8oD18UMz7KSXuoL+1XfDHgsqSnwiUsyWTJ5BPuWhupxEMHIDvS2ZLfUjpGqxGJFECPWew6TecgscDo1TpOVmsvkY90F6pDuHGBhXGSRvZEF0aKDWRGxVf0V0XUksqZOJFsainHzTA8FSWOLXdduuCIiHmcEVkXydPXOxatynzcqkTUH9KujDzZdD6ZZQZs1ImYBSleSfVZ8YV/hqMDl0NPA+Ee0fBUkAOt0UOytFAMLp/tmvwPoo0HOzvMKEmnQc295fC2wTWWEoXcrpOcNFRznPAM2IQ==",
            "region": "eu-de"
          }
        }
      ]
    },
    {
      "mode": "data",
      "type": "openstack_networking_secgroup_v2",
      "name": "sg-AgileAcademyTelIT-default",
      "provider": "provider.openstack",
      "instances": [
        {
          "schema_version": 0,
          "attributes": {
            "all_tags": [],
            "description": "Appl:AgileAcademyTelIT Tier:default security group; managed by terraform",
            "id": "9d5e8c9f-6320-48ad-b247-9aa381c173e9",
            "name": "sg-AgileAcademyTelIT-default",
            "region": "eu-de",
            "secgroup_id": null,
            "tags": null,
            "tenant_id": "54026885c74446c2b833f4dc7cb77bd2"
          }
        }
      ]
    },
    {
      "mode": "data",
      "type": "openstack_networking_secgroup_v2",
      "name": "sg-ssh-spetrovk",
      "provider": "provider.openstack",
      "instances": [
        {
          "schema_version": 0,
          "attributes": {
            "all_tags": [],
            "description": "SSH",
            "id": "f9f2ab74-696d-4534-886a-96d028528d24",
            "name": "sg-ssh-spetrovk",
            "region": "eu-de",
            "secgroup_id": null,
            "tags": null,
            "tenant_id": "54026885c74446c2b833f4dc7cb77bd2"
          }
        }
      ]
    },
    {
      "mode": "managed",
      "type": "openstack_blockstorage_volume_v2",
      "name": "data0",
      "provider": "provider.openstack",
      "instances": [
        {
          "schema_version": 0,
          "attributes": {
            "attachment": [],
            "availability_zone": "eu-de-02",
            "consistency_group_id": null,
            "description": "",
            "id": "7191031e-10d6-47ee-8aea-c61959fe554e",
            "image_id": null,
            "metadata": {},
            "name": "data0",
            "region": "eu-de",
            "scheduler_hints": [],
            "size": 4,
            "snapshot_id": "",
            "source_replica": null,
            "source_vol_id": "",
            "timeouts": null,
            "volume_type": "SATA"
          },
          "private": "eyJlMmJmYjczMC1lY2FhLTExZTYtOGY4OC0zNDM2M2JjN2M0YzAiOnsiY3JlYXRlIjo2MDAwMDAwMDAwMDAsImRlbGV0ZSI6NjAwMDAwMDAwMDAwfX0="
        }
      ]
    },
    {
      "mode": "managed",
      "type": "openstack_compute_instance_v2",
      "name": "spetrovk-vm",
      "provider": "provider.openstack",
      "instances": [
        {
          "schema_version": 0,
          "attributes": {
            "access_ip_v4": "10.14.253.56",
            "access_ip_v6": "",
            "admin_pass": null,
            "all_metadata": {},
            "all_tags": [],
            "availability_zone": "eu-de-02",
            "availability_zone_hints": null,
            "block_device": [],
            "config_drive": null,
            "flavor_id": "s2.medium.2",
            "flavor_name": "s2.medium.2",
            "floating_ip": null,
            "force_delete": false,
            "id": "06e96f1a-84bf-45ff-9431-62642ee369ad",
            "image_id": "16140ca6-229f-4b04-bea2-b0d58ba0b94c",
            "image_name": "Standard_CentOS_7_latest",
            "key_pair": "spetrovk-keypair",
            "metadata": null,
            "name": "spetrovk-vm",
            "network": [
              {
                "access_network": false,
                "fixed_ip_v4": "10.14.253.56",
                "fixed_ip_v6": "",
                "floating_ip": "",
                "mac": "fa:16:3e:94:5e:dc",
                "name": "7f8226a5-9794-41f3-80d2-412042fb6985",
                "port": "c6f259ab-7017-48ed-bbf8-1025640babe3",
                "uuid": "9e322103-7a52-4e15-b667-2ea8e2ca41ce"
              }
            ],
            "personality": [],
            "power_state": "active",
            "region": "eu-de",
            "scheduler_hints": [],
            "security_groups": [
              "sg-AgileAcademyTelIT-default",
              "sg-ssh-spetrovk"
            ],
            "stop_before_destroy": false,
            "tags": null,
            "timeouts": null,
            "user_data": "f0137d1b7e89c12e34c6af4d9157ddc26a11696a",
            "vendor_options": [],
            "volume": []
          },
          "private": "eyJlMmJmYjczMC1lY2FhLTExZTYtOGY4OC0zNDM2M2JjN2M0YzAiOnsiY3JlYXRlIjoxODAwMDAwMDAwMDAwLCJkZWxldGUiOjE4MDAwMDAwMDAwMDAsInVwZGF0ZSI6MTgwMDAwMDAwMDAwMH19",
          "dependencies": [
            "openstack_networking_port_v2.primary_port"
          ]
        }
      ]
    },
    {
      "mode": "managed",
      "type": "openstack_compute_volume_attach_v2",
      "name": "data0",
      "provider": "provider.openstack",
      "instances": [
        {
          "schema_version": 0,
          "attributes": {
            "device": "/dev/vdb",
            "id": "06e96f1a-84bf-45ff-9431-62642ee369ad/7191031e-10d6-47ee-8aea-c61959fe554e",
            "instance_id": "06e96f1a-84bf-45ff-9431-62642ee369ad",
            "multiattach": null,
            "region": "eu-de",
            "timeouts": null,
            "volume_id": "7191031e-10d6-47ee-8aea-c61959fe554e"
          },
          "private": "eyJlMmJmYjczMC1lY2FhLTExZTYtOGY4OC0zNDM2M2JjN2M0YzAiOnsiY3JlYXRlIjo2MDAwMDAwMDAwMDAsImRlbGV0ZSI6NjAwMDAwMDAwMDAwfX0=",
          "dependencies": [
            "openstack_blockstorage_volume_v2.data0",
            "openstack_compute_instance_v2.spetrovk-vm",
            "openstack_networking_port_v2.primary_port"
          ]
        }
      ]
    },
    {
      "mode": "managed",
      "type": "openstack_networking_port_v2",
      "name": "primary_port",
      "provider": "provider.openstack",
      "instances": [
        {
          "schema_version": 0,
          "attributes": {
            "admin_state_up": true,
            "all_fixed_ips": [
              "10.14.253.56"
            ],
            "all_security_group_ids": [
              "9d5e8c9f-6320-48ad-b247-9aa381c173e9",
              "f9f2ab74-696d-4534-886a-96d028528d24"
            ],
            "all_tags": [],
            "allowed_address_pairs": [],
            "binding": [
              {
                "host_id": "",
                "profile": "{}",
                "vif_details": {},
                "vif_type": "",
                "vnic_type": "normal"
              }
            ],
            "description": "",
            "device_id": "",
            "device_owner": "",
            "dns_assignment": [],
            "dns_name": "",
            "extra_dhcp_option": [],
            "fixed_ip": [
              {
                "ip_address": "10.14.253.56",
                "subnet_id": "45463fd3-7491-4dcc-9040-b5ce6602da09"
              }
            ],
            "id": "c6f259ab-7017-48ed-bbf8-1025640babe3",
            "mac_address": "fa:16:3e:94:5e:dc",
            "name": "",
            "network_id": "9e322103-7a52-4e15-b667-2ea8e2ca41ce",
            "no_fixed_ip": null,
            "no_security_groups": null,
            "port_security_enabled": true,
            "qos_policy_id": "",
            "region": "eu-de",
            "security_group_ids": [
              "9d5e8c9f-6320-48ad-b247-9aa381c173e9",
              "f9f2ab74-696d-4534-886a-96d028528d24"
            ],
            "tags": null,
            "tenant_id": "54026885c74446c2b833f4dc7cb77bd2",
            "timeouts": null,
            "value_specs": null
          },
          "private": "eyJlMmJmYjczMC1lY2FhLTExZTYtOGY4OC0zNDM2M2JjN2M0YzAiOnsiY3JlYXRlIjo2MDAwMDAwMDAwMDAsImRlbGV0ZSI6NjAwMDAwMDAwMDAwfX0="
        }
      ]
    }
  ]
}
